{
  "version": 1,
  "manifestHash": "ddafcb46b89e0ac13d53f485d17959692e4c8fa345309f82fd746357c7393769",
  "packages": [],
  "go": {
    "goVersion": "1.26.0",
    "requests": [
      {
        "source": "root",
        "path": "github.com/go-sql-driver/mysql",
        "query": "v1.10.1",
        "version": "v1.10.1"
      },
      {
        "source": "root",
        "path": "github.com/jackc/pgx/v5",
        "query": "v5.11.0",
        "version": "v5.11.0"
      },
      {
        "source": "root",
        "path": "modernc.org/sqlite",
        "query": "v1.59.0",
        "version": "v1.59.0"
      }
    ],
    "modules": [
      {
        "path": "filippo.io/edwards25519",
        "version": "v1.2.0",
        "sum": "h1:crnVqOiS4jqYleHd9vaKZ+HKtHfllngJIiOpNpoJsjo=",
        "goModSum": "h1:xzAOLCNug/yB62zG1bQ8uziwrIqIuxhctzJT18Q77mc="
      },
      {
        "path": "github.com/chzyer/logex",
        "version": "v1.2.1",
        "sum": "h1:XHDu3E6q+gdHgsdTPH6ImJMIp436vR6MPtH8gP05QzM=",
        "goModSum": "h1:JLbx6lG2kDbNRFnfkgvh4eRJRPX1QCoOIWomwysCBrQ="
      },
      {
        "path": "github.com/chzyer/readline",
        "version": "v1.5.1",
        "sum": "h1:upd/6fQk4src78LMRzh5vItIt361/o4uq553V8B5sGI=",
        "goModSum": "h1:Eh+b79XXUwfKfcPLepksvw2tcLE/Ct21YObkaSkeBlk="
      },
      {
        "path": "github.com/chzyer/test",
        "version": "v1.0.0",
        "sum": "h1:p3BQDXSxOhOG0P9z6/hGnII4LGiEPOYBhs8asl/fC04=",
        "goModSum": "h1:2JlltgoNkt4TW/z9V/IzDdFaMTM2JPIi26O1pF38GC8="
      },
      {
        "path": "github.com/creack/pty",
        "version": "v1.1.9",
        "sum": "h1:uDmaGzcdjhF4i/plgjmEsriH11Y0o7RKapEf/LDaM3w=",
        "goModSum": "h1:oKZEueFk5CKHvIhNR5MUki03XCEU+Q6VDXinZuGJ33E="
      },
      {
        "path": "github.com/davecgh/go-spew",
        "version": "v1.1.1",
        "sum": "h1:vj9j/u1bqnvCEfJOwUhtlOARqs3+rkHYY13jYWTU97c=",
        "goModSum": "h1:J7Y8YcW2NihsgmVo/mv3lAwl/skON4iLHjSsI+c5H38="
      },
      {
        "path": "github.com/dustin/go-humanize",
        "version": "v1.0.1",
        "sum": "h1:GzkhY7T5VNhEkwH0PVJgjz+fX1rhBrR7pRT3mDkpeCY=",
        "goModSum": "h1:Mu1zIs6XwVuF/gI1OepvI0qD18qycQx+mFykh5fBlto="
      },
      {
        "path": "github.com/go-sql-driver/mysql",
        "version": "v1.10.1",
        "sum": "h1:arlSnNLq6a5yxGxV7qg9lF4j0C+KwD6NbQyKr9QL6ME=",
        "goModSum": "h1:M+cqaI7+xxXGG9swrdeUIoPG3Y3KCkF0pZej+SK+nWk="
      },
      {
        "path": "github.com/google/go-cmp",
        "version": "v0.6.0",
        "sum": "h1:ofyhxvXcZhMsU5ulbFiLKl/XBFqE1GSq7atu8tAmTRI=",
        "goModSum": "h1:17dUlkBOakJ0+DkrSSNjCkIjxS6bF9zb3elmeNGIjoY="
      },
      {
        "path": "github.com/google/pprof",
        "version": "v0.0.0-20260802141513-ef3492d7dac3",
        "sum": "h1:LMLX+LgTNWpfvCBdFebv6EsYotImrt/Ppc5cXIriCSo=",
        "goModSum": "h1:jl5iWTm0/hd5PjEYEOuwAJ57L/CibdZfrqZ5XA5GrCk="
      },
      {
        "path": "github.com/google/uuid",
        "version": "v1.6.0",
        "sum": "h1:NIvaJDMOsjHA8n1jAhLSgzrAzy1Hgr+hNrb57e+94F0=",
        "goModSum": "h1:TIyPZe4MgqvfeYDBFedMoGGpEw/LqOeaOT+nhxU+yHo="
      },
      {
        "path": "github.com/hashicorp/golang-lru/v2",
        "version": "v2.0.7",
        "sum": "h1:a+bsQ5rvGLjzHuww6tVxozPZFVghXaHOwFs4luLUK2k=",
        "goModSum": "h1:QeFd9opnmA6QUJc5vARoKUSoFhyfM2/ZepoAG6RGpeM="
      },
      {
        "path": "github.com/ianlancetaylor/demangle",
        "version": "v0.0.0-20250417193237-f615e6bd150b",
        "sum": "h1:ogbOPx86mIhFy764gGkqnkFC8m5PJA7sPzlk9ppLVQA=",
        "goModSum": "h1:gx7rwoVhcfuVKG5uya9Hs3Sxj7EIvldVofAWIUtGouw="
      },
      {
        "path": "github.com/jackc/pgpassfile",
        "version": "v1.0.0",
        "sum": "h1:/6Hmqy13Ss2zCq62VdNG8tM1wchn8zjSGOBJ6icpsIM=",
        "goModSum": "h1:CEx0iS5ambNFdcRtxPj5JhEz+xB6uRky5eyVu/W2HEg="
      },
      {
        "path": "github.com/jackc/pgservicefile",
        "version": "v0.0.0-20240606120523-5a60cdf6a761",
        "sum": "h1:iCEnooe7UlwOQYpKFhBabPMi4aNAfoODPEFNiAnClxo=",
        "goModSum": "h1:5TJZWKEWniPve33vlWYSoGYefn3gLQRzjfDlhSJ9ZKM="
      },
      {
        "path": "github.com/jackc/pgx/v5",
        "version": "v5.11.0",
        "sum": "h1:IzBBtyK9AHqf98cctWFifYSci2hgQR/cd56wB4p+ogg=",
        "goModSum": "h1:mal1tBGAFfLHvZzaYh77YS/eC6IX9OWbRV1QIIM0Jn4="
      },
      {
        "path": "github.com/jackc/puddle/v2",
        "version": "v2.2.2",
        "sum": "h1:PR8nw+E/1w0GLuRFSmiioY6UooMp6KJv0/61nB7icHo=",
        "goModSum": "h1:vriiEXHvEE654aYKXXjOvZM39qJ0q+azkZFrfEOc3H4="
      },
      {
        "path": "github.com/kballard/go-shellquote",
        "version": "v0.0.0-20180428030007-95032a82bc51",
        "sum": "h1:Z9n2FFNUXsshfwJMBgNA0RU6/i7WVaAegv3PtuIHPMs=",
        "goModSum": "h1:CzGEWj7cYgsdH8dAjBGEr58BoE7ScuLd+fwFZ44+/x8="
      },
      {
        "path": "github.com/kr/pretty",
        "version": "v0.3.0",
        "sum": "h1:WgNl7dwNpEZ6jJ9k1snq4pZsg7DOEN8hP9Xw0Tsjwk0=",
        "goModSum": "h1:640gp4NfQd8pI5XOwp5fnNeVWj67G7CFk/SaSQn7NBk="
      },
      {
        "path": "github.com/kr/pty",
        "version": "v1.1.1",
        "sum": "h1:VkoXIwSboBpnk99O/KFauAEILuNHv5DVFKZMBN/gUgw=",
        "goModSum": "h1:pFQYn66WHrOpPYNljwOMqo10TkYh1fy3cYio2l3bCsQ="
      },
      {
        "path": "github.com/kr/text",
        "version": "v0.2.0",
        "sum": "h1:5Nx0Ya0ZqY2ygV366QzturHI13Jq95ApcVaJBhpS+AY=",
        "goModSum": "h1:eLer722TekiGuMkidMxC/pM04lWEeraHUUmBw8l2grE="
      },
      {
        "path": "github.com/mattn/go-isatty",
        "version": "v0.0.24",
        "sum": "h1:tGZZoVgT/KiqK1c8ocVLeDS8BSWMRd47J3Lbz7vsReI=",
        "goModSum": "h1:nMCL3Zebbrt45jsMDgnfIwz6ydEQApk5oEI3HqDio6A="
      },
      {
        "path": "github.com/ncruces/go-strftime",
        "version": "v1.0.0",
        "sum": "h1:HMFp8mLCTPp341M/ZnA4qaf7ZlsbTc+miZjCLOFAw7w=",
        "goModSum": "h1:Fwc5htZGVVkseilnfgOVb9mKy6w1naJmn9CehxcKcls="
      },
      {
        "path": "github.com/pbnjay/memory",
        "version": "v0.0.0-20210728143218-7b4eea64cf58",
        "sum": "h1:onHthvaw9LFnH4t2DcNVpwGmV9E1BkGknEliJkfwQj0=",
        "goModSum": "h1:DXv8WO4yhMYhSNPKjeNKa5WY9YCIEBRbNzFFPJbWO6Y="
      },
      {
        "path": "github.com/pmezard/go-difflib",
        "version": "v1.0.0",
        "sum": "h1:4DBwDE0NGyQoBHbLQYPwSUPoCMWR5BEzIk/f1lZbAQM=",
        "goModSum": "h1:iKH77koFhYxTK1pcRnkKkqfTogsbg7gZNVY4sRDYZ/4="
      },
      {
        "path": "github.com/remyoudompheng/bigfft",
        "version": "v0.0.0-20230129092748-24d4a6f8daec",
        "sum": "h1:W09IVJc94icq4NjY3clb7Lk8O1qJ8BdBEF8z0ibU0rE=",
        "goModSum": "h1:qqbHyh8v60DhA7CoWK5oRCqLrMHRGoxYCSS9EjAz6Eo="
      },
      {
        "path": "github.com/rogpeppe/go-internal",
        "version": "v1.6.1",
        "sum": "h1:/FiVV8dS/e+YqF2JvO3yXRFbBLTIuSDkuC7aBOAvL+k=",
        "goModSum": "h1:xXDCJY+GAPziupqXw64V24skbSoqbTEfhy4qGm1nDQc="
      },
      {
        "path": "github.com/stretchr/objx",
        "version": "v0.5.2",
        "sum": "h1:xuMeJ0Sdp5ZMRXx/aWO6RZxdr3beISkG5/G/aIRr3pY=",
        "goModSum": "h1:FRsXN1f5AsAjCGJKqEizvkpNtU+EGNCLh3NxZ/8L+MA="
      },
      {
        "path": "github.com/stretchr/testify",
        "version": "v1.11.1",
        "sum": "h1:7s2iGBzp5EwR7/aIZr8ao5+dra3wiQyKjjFuvgVKu7U=",
        "goModSum": "h1:wZwfW3scLgRK+23gO65QZefKpKQRnfz6sD981Nm4B6U="
      },
      {
        "path": "github.com/yuin/goldmark",
        "version": "v1.4.13",
        "sum": "h1:fVcFKWvrslecOb/tg+Cc05dkeYx540o0FuFt3nUVDoE=",
        "goModSum": "h1:6yULJ656Px+3vBD8DxQVa3kxgyrAnzto9xy5taEt/CY="
      },
      {
        "path": "golang.org/x/crypto",
        "version": "v0.54.0",
        "sum": "h1:YLIA59K4fiNzHzjnZt2tUJQjQtUWfWbeHBqKtk3eScw=",
        "goModSum": "h1:KWL8ny2AZdGR2cWmzeHrp2azQPGogOv+HeQaVEXC2dk="
      },
      {
        "path": "golang.org/x/exp",
        "version": "v0.0.0-20251023183803-a4bb9ffd2546",
        "sum": "h1:mgKeJMpvi0yx/sU5GsxQ7p6s2wtOnGAHZWCHUM4KGzY=",
        "goModSum": "h1:j/pmGrbnkbPtQfxEe5D0VQhZC6qKbfKifgD0oM7sR70="
      },
      {
        "path": "golang.org/x/mod",
        "version": "v0.38.0",
        "sum": "h1:MECBjubtXD7yj4HrhIUcywNaGeNVUdfVnxmPajOk4yk=",
        "goModSum": "h1:V6Xz0pq8TQ3dGqVQ1FVHuelZpAL0uNhSkk9ogYP3c40="
      },
      {
        "path": "golang.org/x/net",
        "version": "v0.57.0",
        "sum": "h1:K5+3DljvIuDG9/Jv9rvyMywYNFCQ9RSUY6OOTTkT+tE=",
        "goModSum": "h1:KpXc8iv+r3XplLAG/f7Jsf9RPszJzdR0f58q9vGOuEU="
      },
      {
        "path": "golang.org/x/sync",
        "version": "v0.22.0",
        "sum": "h1:SZjpbeLmrCk4xhRSZFNZW5gFUeCeFgjekvI/+gfScek=",
        "goModSum": "h1:9xrNwdLfx4jkKbNva9FpL6vEN7evnE43NNNJQ2LF3+0="
      },
      {
        "path": "golang.org/x/sys",
        "version": "v0.47.0",
        "sum": "h1:o7XGOvZQCADBQQ4Y7VNq2dRWQR7JmOUW8Kxx4ZsNgWs=",
        "goModSum": "h1:4GL1E5IUh+htKOUEOaiffhrAeqysfVGipDYzABqnCmw="
      },
      {
        "path": "golang.org/x/telemetry",
        "version": "v0.0.0-20260708182218-49f421fb7959",
        "sum": "h1:RJhm5l6Fo4rmEIcndxDllNhhf/fAx8qIm4t6A7vpm2A=",
        "goModSum": "h1:LV7u5Oco+Z/g6XI7PqN+EUUUGGkEcmB1uj2ceI0fOVg="
      },
      {
        "path": "golang.org/x/term",
        "version": "v0.45.0",
        "sum": "h1:NwWyBmoJCbfTHpxrWoZ9C6/VxOf7ic219I8xZZFdrf0=",
        "goModSum": "h1:9aqxs0blBcrm/n0L9QW0aRVD+ktan8ssZromtqJC43w="
      },
      {
        "path": "golang.org/x/text",
        "version": "v0.40.0",
        "sum": "h1:Ub2Z6/xjgF1WrYQz2nuITOEegKFtiIy+rieRJ5lHZKs=",
        "goModSum": "h1:hpnzDAfGV753zIKo+wk3u1bVKCGPbrnF7+7LBF/UHVY="
      },
      {
        "path": "golang.org/x/tools",
        "version": "v0.48.0",
        "sum": "h1:3+hClM1aLL5mjMKm5ovokw9epgRXPuu2tILgismM6RE=",
        "goModSum": "h1:08xX0orndb/F7jJxGDicx061tyd5pcMto75YMAXr6lk="
      },
      {
        "path": "golang.org/x/tools/go/expect",
        "version": "v0.1.1-deprecated",
        "sum": "h1:jpBZDwmgPhXsKZC6WhL20P4b/wmnpsEAGHaNy0n/rJM=",
        "goModSum": "h1:eihoPOH+FgIqa3FpoTwguz/bVUSGBlGQU67vpBeOrBY="
      },
      {
        "path": "golang.org/x/tools/go/packages/packagestest",
        "version": "v0.1.1-deprecated",
        "sum": "h1:1h2MnaIAIXISqTFKdENegdpAgUXz6NrPEsbIeWaBRvM=",
        "goModSum": "h1:RVAQXBGNv1ib0J382/DPCRS/BPnsGebyM1Gj5VSDpG8="
      },
      {
        "path": "gopkg.in/check.v1",
        "version": "v1.0.0-20201130134442-10cb98267c6c",
        "sum": "h1:Hei/4ADfdWqJk1ZMxUNpqntNwaWcugrBjAiHlqqRiVk=",
        "goModSum": "h1:JHkPIbrfpd72SG/EVd6muEfDQjcINNoR0C8j2r3qZ4Q="
      },
      {
        "path": "gopkg.in/errgo.v2",
        "version": "v2.1.0",
        "sum": "h1:0vLT13EuvQ0hNvakwLuFZ/jYrLp5F3kcWHXdRggjCE8=",
        "goModSum": "h1:hNsd1EY+bozCKY1Ytp96fpM3vjJbqLJn88ws8XvfDNI="
      },
      {
        "path": "gopkg.in/yaml.v3",
        "version": "v3.0.1",
        "sum": "h1:fxVm/GzAzEWqLHuvctI91KS9hhNmmWOoWu0XTYJS7CA=",
        "goModSum": "h1:K4uyk7z7BCEPqu6E+C64Yfv1cQ7kz7rIZviUmN+EgEM="
      },
      {
        "path": "lukechampine.com/uint128",
        "version": "v1.2.0",
        "sum": "h1:mBi/5l91vocEN8otkC5bDLhi2KdCticRiwbdB0O+rjI=",
        "goModSum": "h1:c4eWIwlEGaxC/+H1VguhU4PHXNWDCDMUlWdIWl2j1gk="
      },
      {
        "path": "modernc.org/cc/v3",
        "version": "v3.41.0",
        "sum": "h1:QoR1Sn3YWlmA1T4vLaKZfawdVtSiGx8H+cEojbC7v1Q=",
        "goModSum": "h1:Ni4zjJYJ04CDOhG7dn640WGfwBzfE0ecX8TyMB0Fv0Y="
      },
      {
        "path": "modernc.org/cc/v4",
        "version": "v4.29.2",
        "sum": "h1:h6+9ciCnPKutf4I03CvheAvDLX7+IHlqR6Iy6J+cgd8=",
        "goModSum": "h1:OnovgIhbbMXMu1aISnJ0wvVD1KnW+cAUJkIrAWh+kVI="
      },
      {
        "path": "modernc.org/ccgo/v3",
        "version": "v3.17.0",
        "sum": "h1:o3OmOqx4/OFnl4Vm3G8Bgmqxnvxnh0nbxeT5p/dWChA=",
        "goModSum": "h1:Sg3fwVpmLvCUTaqEUjiBDAvshIaKDB0RXaf+zgqFu8I="
      },
      {
        "path": "modernc.org/ccgo/v4",
        "version": "v4.35.0",
        "sum": "h1:F+TUsmw09QxLzmi3aeYYGxjAXarmZaKgj3mKQHNaA8w=",
        "goModSum": "h1:qrVGs9S3Sr2Ztcg9ve+kTAYMp5a3YvWjo+SoN06kJ5I="
      },
      {
        "path": "modernc.org/ccorpus",
        "version": "v1.11.6",
        "sum": "h1:J16RXiiqiCgua6+ZvQot4yUuUy8zxgqbqEEUuGPlISk=",
        "goModSum": "h1:2gEUTrWqdpH2pXsmTM1ZkjeSrUWDpjMu2T6m29L/ErQ="
      },
      {
        "path": "modernc.org/ccorpus2",
        "version": "v1.6.0",
        "sum": "h1:JODbahvmixwZDoF1kZs/9Rj6aHA2vAPP7HKiNDq//xo=",
        "goModSum": "h1:Wifvo4Q/qS/h1aRoC2TffcHsnxwTikmi1AuLANuucJQ="
      },
      {
        "path": "modernc.org/ebnf",
        "version": "v1.1.0",
        "sum": "h1:ilLq2kO1xGezeg75RyKffLsCLdamQHEmjv0CVq1QEQU=",
        "goModSum": "h1:CNIo7vuji3SyjIP/VhEumIKlAguC1g64mcdk/+VJW/w="
      },
      {
        "path": "modernc.org/ebnfutil",
        "version": "v1.1.0",
        "sum": "h1:8AZ7iHDSIV6lrlgtexrIgmsey6wuSnB8s642ASDaTkc=",
        "goModSum": "h1:hdAyhM1jZSq9ygKhEeYgerbagyuLxyxzXcakBPyNqUI="
      },
      {
        "path": "modernc.org/fileutil",
        "version": "v1.4.0",
        "sum": "h1:j6ZzNTftVS054gi281TyLjHPp6CPHr2KCxEXjEbD6SM=",
        "goModSum": "h1:EqdKFDxiByqxLk8ozOxObDSfcVOv/54xDs/DUHdvCUU="
      },
      {
        "path": "modernc.org/gc/v2",
        "version": "v2.6.5",
        "sum": "h1:nyqdV8q46KvTpZlsw66kWqwXRHdjIlJOhG6kxiV/9xI=",
        "goModSum": "h1:YgIahr1ypgfe7chRuJi2gD7DBQiKSLMPgBQe9oIiito="
      },
      {
        "path": "modernc.org/gc/v3",
        "version": "v3.1.5",
        "sum": "h1:21ldfPfRYE31Tb7B3mwAK8gy1AxP4+dKjrOQPfqakoc=",
        "goModSum": "h1:HFK/6AGESC7Ex+EZJhJ2Gni6cTaYpSMmU/cT9RmlfYY="
      },
      {
        "path": "modernc.org/goabi0",
        "version": "v0.2.0",
        "sum": "h1:HvEowk7LxcPd0eq6mVOAEMai46V+i7Jrj13t4AzuNks=",
        "goModSum": "h1:CEFRnnJhKvWT1c1JTI3Avm+tgOWbkOu5oPA8eH8LnMI="
      },
      {
        "path": "modernc.org/httpfs",
        "version": "v1.0.6",
        "sum": "h1:AAgIpFZRXuYnkjftxTAZwMIiwEqAfk8aVB2/oA6nAeM=",
        "goModSum": "h1:7dosgurJGp0sPaRanU53W4xZYKh14wfzX420oZADeHM="
      },
      {
        "path": "modernc.org/lex",
        "version": "v1.1.1",
        "sum": "h1:prSCNTLw1R4rn7M/RzwsuMtAuOytfyR3cnyM07P+Pas=",
        "goModSum": "h1:6r8o8DLJkAnOsQaGi8fMoi+Vt6LTbDaCrkUK729D8xM="
      },
      {
        "path": "modernc.org/lexer",
        "version": "v1.0.4",
        "sum": "h1:hU7xVbZsqwPphyzChc7nMSGrsuaD2PDNOmzrzkS5AlE=",
        "goModSum": "h1:tOajb8S4sdfOYitzCgXDFmbVJ/LE0v1fNJ7annTw36U="
      },
      {
        "path": "modernc.org/libc",
        "version": "v1.75.7",
        "sum": "h1:o3DTP9/0p9pKmY2WCKQaySW6wIiZhNM7wc2lUoyhfew=",
        "goModSum": "h1:bO5o2ztHxBb2rjz0PgdHN0sSMw57CgxGFLZ3Qd/QpVQ="
      },
      {
        "path": "modernc.org/mathutil",
        "version": "v1.7.1",
        "sum": "h1:GCZVGXdaN8gTqB1Mf/usp1Y/hSqgI2vAGGP4jZMCxOU=",
        "goModSum": "h1:4p5IwJITfppl0G4sUEDtCr4DthTaT47/N3aT6MhfgJg="
      },
      {
        "path": "modernc.org/memory",
        "version": "v1.12.1",
        "sum": "h1:nFMiWrpStgZczNl6XI9GnIk/rWhYIyHGUaR04pGbp9g=",
        "goModSum": "h1:/JP4VbVC+K5sU2wZi9bHoq2MAkCnrt2r98UGeSK7Mjw="
      },
      {
        "path": "modernc.org/opt",
        "version": "v0.2.0",
        "sum": "h1:tGyef5ApycA7FSEOMraay9SaTk5zmbx7Tu+cJs4QKZg=",
        "goModSum": "h1:03fq9lsNfvkYSfxrfUhZCWPk1lm4cq4N+Bh//bEtgns="
      },
      {
        "path": "modernc.org/scannertest",
        "version": "v1.0.2",
        "sum": "h1:JPtfxcVdbRvzmRf2YUvsDibJsQRw8vKA/3jb31y7cy0=",
        "goModSum": "h1:RzTm5RwglF/6shsKoEivo8N91nQIoWtcWI7ns+zPyGA="
      },
      {
        "path": "modernc.org/sortutil",
        "version": "v1.2.1",
        "sum": "h1:+xyoGf15mM3NMlPDnFqrteY07klSFxLElE2PVuWIJ7w=",
        "goModSum": "h1:7ZI3a3REbai7gzCLcotuw9AC4VZVpYMjDzETGsSMqJE="
      },
      {
        "path": "modernc.org/sqlite",
        "version": "v1.59.0",
        "sum": "h1:X1es1GpqBlS/5T+vbM4HLUdaa8OtQx468DF2vrx+38A=",
        "goModSum": "h1:+paeT2A3iPRHkQDwG7oA6Tk0zQd5woMEI8q7orfry8k="
      },
      {
        "path": "modernc.org/strutil",
        "version": "v1.2.1",
        "sum": "h1:UneZBkQA+DX2Rp35KcM69cSsNES9ly8mQWD71HKlOA0=",
        "goModSum": "h1:EHkiggD70koQxjVdSBM3JKM7k6L0FbGE5eymy9i3B9A="
      },
      {
        "path": "modernc.org/token",
        "version": "v1.1.0",
        "sum": "h1:Xl7Ap9dKaEs5kLoOQeQmPWevfnk/DM5qcLcYlA8ys6Y=",
        "goModSum": "h1:UGzOrNV1mAFSEB63lOFHIpNRUVMvYTc6yu1SMY/XTDM="
      }
    ],
    "checksums": "filippo.io/edwards25519 v1.2.0 h1:crnVqOiS4jqYleHd9vaKZ+HKtHfllngJIiOpNpoJsjo=\nfilippo.io/edwards25519 v1.2.0/go.mod h1:xzAOLCNug/yB62zG1bQ8uziwrIqIuxhctzJT18Q77mc=\ngithub.com/chzyer/logex v1.2.1 h1:XHDu3E6q+gdHgsdTPH6ImJMIp436vR6MPtH8gP05QzM=\ngithub.com/chzyer/logex v1.2.1/go.mod h1:JLbx6lG2kDbNRFnfkgvh4eRJRPX1QCoOIWomwysCBrQ=\ngithub.com/chzyer/readline v1.5.1 h1:upd/6fQk4src78LMRzh5vItIt361/o4uq553V8B5sGI=\ngithub.com/chzyer/readline v1.5.1/go.mod h1:Eh+b79XXUwfKfcPLepksvw2tcLE/Ct21YObkaSkeBlk=\ngithub.com/chzyer/test v1.0.0 h1:p3BQDXSxOhOG0P9z6/hGnII4LGiEPOYBhs8asl/fC04=\ngithub.com/chzyer/test v1.0.0/go.mod h1:2JlltgoNkt4TW/z9V/IzDdFaMTM2JPIi26O1pF38GC8=\ngithub.com/creack/pty v1.1.9 h1:uDmaGzcdjhF4i/plgjmEsriH11Y0o7RKapEf/LDaM3w=\ngithub.com/creack/pty v1.1.9/go.mod h1:oKZEueFk5CKHvIhNR5MUki03XCEU+Q6VDXinZuGJ33E=\ngithub.com/davecgh/go-spew v1.1.0/go.mod h1:J7Y8YcW2NihsgmVo/mv3lAwl/skON4iLHjSsI+c5H38=\ngithub.com/davecgh/go-spew v1.1.1 h1:vj9j/u1bqnvCEfJOwUhtlOARqs3+rkHYY13jYWTU97c=\ngithub.com/davecgh/go-spew v1.1.1/go.mod h1:J7Y8YcW2NihsgmVo/mv3lAwl/skON4iLHjSsI+c5H38=\ngithub.com/dustin/go-humanize v1.0.1 h1:GzkhY7T5VNhEkwH0PVJgjz+fX1rhBrR7pRT3mDkpeCY=\ngithub.com/dustin/go-humanize v1.0.1/go.mod h1:Mu1zIs6XwVuF/gI1OepvI0qD18qycQx+mFykh5fBlto=\ngithub.com/go-sql-driver/mysql v1.10.1 h1:arlSnNLq6a5yxGxV7qg9lF4j0C+KwD6NbQyKr9QL6ME=\ngithub.com/go-sql-driver/mysql v1.10.1/go.mod h1:M+cqaI7+xxXGG9swrdeUIoPG3Y3KCkF0pZej+SK+nWk=\ngithub.com/google/go-cmp v0.6.0 h1:ofyhxvXcZhMsU5ulbFiLKl/XBFqE1GSq7atu8tAmTRI=\ngithub.com/google/go-cmp v0.6.0/go.mod h1:17dUlkBOakJ0+DkrSSNjCkIjxS6bF9zb3elmeNGIjoY=\ngithub.com/google/pprof v0.0.0-20260802141513-ef3492d7dac3 h1:LMLX+LgTNWpfvCBdFebv6EsYotImrt/Ppc5cXIriCSo=\ngithub.com/google/pprof v0.0.0-20260802141513-ef3492d7dac3/go.mod h1:jl5iWTm0/hd5PjEYEOuwAJ57L/CibdZfrqZ5XA5GrCk=\ngithub.com/google/uuid v1.6.0 h1:NIvaJDMOsjHA8n1jAhLSgzrAzy1Hgr+hNrb57e+94F0=\ngithub.com/google/uuid v1.6.0/go.mod h1:TIyPZe4MgqvfeYDBFedMoGGpEw/LqOeaOT+nhxU+yHo=\ngithub.com/hashicorp/golang-lru/v2 v2.0.7 h1:a+bsQ5rvGLjzHuww6tVxozPZFVghXaHOwFs4luLUK2k=\ngithub.com/hashicorp/golang-lru/v2 v2.0.7/go.mod h1:QeFd9opnmA6QUJc5vARoKUSoFhyfM2/ZepoAG6RGpeM=\ngithub.com/ianlancetaylor/demangle v0.0.0-20250417193237-f615e6bd150b h1:ogbOPx86mIhFy764gGkqnkFC8m5PJA7sPzlk9ppLVQA=\ngithub.com/ianlancetaylor/demangle v0.0.0-20250417193237-f615e6bd150b/go.mod h1:gx7rwoVhcfuVKG5uya9Hs3Sxj7EIvldVofAWIUtGouw=\ngithub.com/jackc/pgpassfile v1.0.0 h1:/6Hmqy13Ss2zCq62VdNG8tM1wchn8zjSGOBJ6icpsIM=\ngithub.com/jackc/pgpassfile v1.0.0/go.mod h1:CEx0iS5ambNFdcRtxPj5JhEz+xB6uRky5eyVu/W2HEg=\ngithub.com/jackc/pgservicefile v0.0.0-20240606120523-5a60cdf6a761 h1:iCEnooe7UlwOQYpKFhBabPMi4aNAfoODPEFNiAnClxo=\ngithub.com/jackc/pgservicefile v0.0.0-20240606120523-5a60cdf6a761/go.mod h1:5TJZWKEWniPve33vlWYSoGYefn3gLQRzjfDlhSJ9ZKM=\ngithub.com/jackc/pgx/v5 v5.11.0 h1:IzBBtyK9AHqf98cctWFifYSci2hgQR/cd56wB4p+ogg=\ngithub.com/jackc/pgx/v5 v5.11.0/go.mod h1:mal1tBGAFfLHvZzaYh77YS/eC6IX9OWbRV1QIIM0Jn4=\ngithub.com/jackc/puddle/v2 v2.2.2 h1:PR8nw+E/1w0GLuRFSmiioY6UooMp6KJv0/61nB7icHo=\ngithub.com/jackc/puddle/v2 v2.2.2/go.mod h1:vriiEXHvEE654aYKXXjOvZM39qJ0q+azkZFrfEOc3H4=\ngithub.com/kballard/go-shellquote v0.0.0-20180428030007-95032a82bc51 h1:Z9n2FFNUXsshfwJMBgNA0RU6/i7WVaAegv3PtuIHPMs=\ngithub.com/kballard/go-shellquote v0.0.0-20180428030007-95032a82bc51/go.mod h1:CzGEWj7cYgsdH8dAjBGEr58BoE7ScuLd+fwFZ44+/x8=\ngithub.com/kr/pretty v0.1.0/go.mod h1:dAy3ld7l9f0ibDNOQOHHMYYIIbhfbHSm3C4ZsoJORNo=\ngithub.com/kr/pretty v0.2.1/go.mod h1:ipq/a2n7PKx3OHsz4KJII5eveXtPO4qwEXGdVfWzfnI=\ngithub.com/kr/pretty v0.3.0 h1:WgNl7dwNpEZ6jJ9k1snq4pZsg7DOEN8hP9Xw0Tsjwk0=\ngithub.com/kr/pretty v0.3.0/go.mod h1:640gp4NfQd8pI5XOwp5fnNeVWj67G7CFk/SaSQn7NBk=\ngithub.com/kr/pty v1.1.1 h1:VkoXIwSboBpnk99O/KFauAEILuNHv5DVFKZMBN/gUgw=\ngithub.com/kr/pty v1.1.1/go.mod h1:pFQYn66WHrOpPYNljwOMqo10TkYh1fy3cYio2l3bCsQ=\ngithub.com/kr/text v0.1.0/go.mod h1:4Jbv+DJW3UT/LiOwJeYQe1efqtUx/iVham/4vfdArNI=\ngithub.com/kr/text v0.2.0 h1:5Nx0Ya0ZqY2ygV366QzturHI13Jq95ApcVaJBhpS+AY=\ngithub.com/kr/text v0.2.0/go.mod h1:eLer722TekiGuMkidMxC/pM04lWEeraHUUmBw8l2grE=\ngithub.com/mattn/go-isatty v0.0.24 h1:tGZZoVgT/KiqK1c8ocVLeDS8BSWMRd47J3Lbz7vsReI=\ngithub.com/mattn/go-isatty v0.0.24/go.mod h1:nMCL3Zebbrt45jsMDgnfIwz6ydEQApk5oEI3HqDio6A=\ngithub.com/ncruces/go-strftime v1.0.0 h1:HMFp8mLCTPp341M/ZnA4qaf7ZlsbTc+miZjCLOFAw7w=\ngithub.com/ncruces/go-strftime v1.0.0/go.mod h1:Fwc5htZGVVkseilnfgOVb9mKy6w1naJmn9CehxcKcls=\ngithub.com/pbnjay/memory v0.0.0-20210728143218-7b4eea64cf58 h1:onHthvaw9LFnH4t2DcNVpwGmV9E1BkGknEliJkfwQj0=\ngithub.com/pbnjay/memory v0.0.0-20210728143218-7b4eea64cf58/go.mod h1:DXv8WO4yhMYhSNPKjeNKa5WY9YCIEBRbNzFFPJbWO6Y=\ngithub.com/pmezard/go-difflib v1.0.0 h1:4DBwDE0NGyQoBHbLQYPwSUPoCMWR5BEzIk/f1lZbAQM=\ngithub.com/pmezard/go-difflib v1.0.0/go.mod h1:iKH77koFhYxTK1pcRnkKkqfTogsbg7gZNVY4sRDYZ/4=\ngithub.com/remyoudompheng/bigfft v0.0.0-20200410134404-eec4a21b6bb0/go.mod h1:qqbHyh8v60DhA7CoWK5oRCqLrMHRGoxYCSS9EjAz6Eo=\ngithub.com/remyoudompheng/bigfft v0.0.0-20230129092748-24d4a6f8daec h1:W09IVJc94icq4NjY3clb7Lk8O1qJ8BdBEF8z0ibU0rE=\ngithub.com/remyoudompheng/bigfft v0.0.0-20230129092748-24d4a6f8daec/go.mod h1:qqbHyh8v60DhA7CoWK5oRCqLrMHRGoxYCSS9EjAz6Eo=\ngithub.com/rogpeppe/go-internal v1.6.1 h1:/FiVV8dS/e+YqF2JvO3yXRFbBLTIuSDkuC7aBOAvL+k=\ngithub.com/rogpeppe/go-internal v1.6.1/go.mod h1:xXDCJY+GAPziupqXw64V24skbSoqbTEfhy4qGm1nDQc=\ngithub.com/stretchr/objx v0.1.0/go.mod h1:HFkY916IF+rwdDfMAkV7OtwuqBVzrE8GR6GFx+wExME=\ngithub.com/stretchr/objx v0.5.2 h1:xuMeJ0Sdp5ZMRXx/aWO6RZxdr3beISkG5/G/aIRr3pY=\ngithub.com/stretchr/objx v0.5.2/go.mod h1:FRsXN1f5AsAjCGJKqEizvkpNtU+EGNCLh3NxZ/8L+MA=\ngithub.com/stretchr/testify v1.11.1 h1:7s2iGBzp5EwR7/aIZr8ao5+dra3wiQyKjjFuvgVKu7U=\ngithub.com/stretchr/testify v1.11.1/go.mod h1:wZwfW3scLgRK+23gO65QZefKpKQRnfz6sD981Nm4B6U=\ngithub.com/stretchr/testify v1.3.0/go.mod h1:M5WIy9Dh21IEIfnGCwXGc5bZfKNJtfHm1UVUgZn+9EI=\ngithub.com/stretchr/testify v1.7.0/go.mod h1:6Fq8oRcR53rry900zMqJjRRixrwX3KX962/h/Wwjteg=\ngithub.com/yuin/goldmark v1.4.13 h1:fVcFKWvrslecOb/tg+Cc05dkeYx540o0FuFt3nUVDoE=\ngithub.com/yuin/goldmark v1.4.13/go.mod h1:6yULJ656Px+3vBD8DxQVa3kxgyrAnzto9xy5taEt/CY=\ngolang.org/x/crypto v0.54.0 h1:YLIA59K4fiNzHzjnZt2tUJQjQtUWfWbeHBqKtk3eScw=\ngolang.org/x/crypto v0.54.0/go.mod h1:KWL8ny2AZdGR2cWmzeHrp2azQPGogOv+HeQaVEXC2dk=\ngolang.org/x/exp v0.0.0-20181106170214-d68db9428509/go.mod h1:CJ0aWSM057203Lf6IL+f9T1iT9GByDxfZKAQTCR3kQA=\ngolang.org/x/exp v0.0.0-20251023183803-a4bb9ffd2546 h1:mgKeJMpvi0yx/sU5GsxQ7p6s2wtOnGAHZWCHUM4KGzY=\ngolang.org/x/exp v0.0.0-20251023183803-a4bb9ffd2546/go.mod h1:j/pmGrbnkbPtQfxEe5D0VQhZC6qKbfKifgD0oM7sR70=\ngolang.org/x/mod v0.38.0 h1:MECBjubtXD7yj4HrhIUcywNaGeNVUdfVnxmPajOk4yk=\ngolang.org/x/mod v0.38.0/go.mod h1:V6Xz0pq8TQ3dGqVQ1FVHuelZpAL0uNhSkk9ogYP3c40=\ngolang.org/x/net v0.57.0 h1:K5+3DljvIuDG9/Jv9rvyMywYNFCQ9RSUY6OOTTkT+tE=\ngolang.org/x/net v0.57.0/go.mod h1:KpXc8iv+r3XplLAG/f7Jsf9RPszJzdR0f58q9vGOuEU=\ngolang.org/x/sync v0.17.0/go.mod h1:9KTHXmSnoGruLpwFjVSX0lNNA75CykiMECbovNTZqGI=\ngolang.org/x/sync v0.22.0 h1:SZjpbeLmrCk4xhRSZFNZW5gFUeCeFgjekvI/+gfScek=\ngolang.org/x/sync v0.22.0/go.mod h1:9xrNwdLfx4jkKbNva9FpL6vEN7evnE43NNNJQ2LF3+0=\ngolang.org/x/sys v0.0.0-20220310020820-b874c991c1a5/go.mod h1:oPkhp1MJrh7nUepCBck5+mAzfO9JrbApNNgaTdGDITg=\ngolang.org/x/sys v0.47.0 h1:o7XGOvZQCADBQQ4Y7VNq2dRWQR7JmOUW8Kxx4ZsNgWs=\ngolang.org/x/sys v0.47.0/go.mod h1:4GL1E5IUh+htKOUEOaiffhrAeqysfVGipDYzABqnCmw=\ngolang.org/x/telemetry v0.0.0-20260708182218-49f421fb7959 h1:RJhm5l6Fo4rmEIcndxDllNhhf/fAx8qIm4t6A7vpm2A=\ngolang.org/x/telemetry v0.0.0-20260708182218-49f421fb7959/go.mod h1:LV7u5Oco+Z/g6XI7PqN+EUUUGGkEcmB1uj2ceI0fOVg=\ngolang.org/x/term v0.45.0 h1:NwWyBmoJCbfTHpxrWoZ9C6/VxOf7ic219I8xZZFdrf0=\ngolang.org/x/term v0.45.0/go.mod h1:9aqxs0blBcrm/n0L9QW0aRVD+ktan8ssZromtqJC43w=\ngolang.org/x/text v0.29.0/go.mod h1:7MhJOA9CD2qZyOKYazxdYMF85OwPdEr9jTtBpO7ydH4=\ngolang.org/x/text v0.40.0 h1:Ub2Z6/xjgF1WrYQz2nuITOEegKFtiIy+rieRJ5lHZKs=\ngolang.org/x/text v0.40.0/go.mod h1:hpnzDAfGV753zIKo+wk3u1bVKCGPbrnF7+7LBF/UHVY=\ngolang.org/x/tools v0.48.0 h1:3+hClM1aLL5mjMKm5ovokw9epgRXPuu2tILgismM6RE=\ngolang.org/x/tools v0.48.0/go.mod h1:08xX0orndb/F7jJxGDicx061tyd5pcMto75YMAXr6lk=\ngolang.org/x/tools/go/expect v0.1.1-deprecated h1:jpBZDwmgPhXsKZC6WhL20P4b/wmnpsEAGHaNy0n/rJM=\ngolang.org/x/tools/go/expect v0.1.1-deprecated/go.mod h1:eihoPOH+FgIqa3FpoTwguz/bVUSGBlGQU67vpBeOrBY=\ngolang.org/x/tools/go/packages/packagestest v0.1.1-deprecated h1:1h2MnaIAIXISqTFKdENegdpAgUXz6NrPEsbIeWaBRvM=\ngolang.org/x/tools/go/packages/packagestest v0.1.1-deprecated/go.mod h1:RVAQXBGNv1ib0J382/DPCRS/BPnsGebyM1Gj5VSDpG8=\ngopkg.in/check.v1 v0.0.0-20161208181325-20d25e280405/go.mod h1:Co6ibVJAznAaIkqp8huTwlJQCZ016jof/cbN4VW5Yz0=\ngopkg.in/check.v1 v1.0.0-20180628173108-788fd7840127/go.mod h1:Co6ibVJAznAaIkqp8huTwlJQCZ016jof/cbN4VW5Yz0=\ngopkg.in/check.v1 v1.0.0-20201130134442-10cb98267c6c h1:Hei/4ADfdWqJk1ZMxUNpqntNwaWcugrBjAiHlqqRiVk=\ngopkg.in/check.v1 v1.0.0-20201130134442-10cb98267c6c/go.mod h1:JHkPIbrfpd72SG/EVd6muEfDQjcINNoR0C8j2r3qZ4Q=\ngopkg.in/errgo.v2 v2.1.0 h1:0vLT13EuvQ0hNvakwLuFZ/jYrLp5F3kcWHXdRggjCE8=\ngopkg.in/errgo.v2 v2.1.0/go.mod h1:hNsd1EY+bozCKY1Ytp96fpM3vjJbqLJn88ws8XvfDNI=\ngopkg.in/yaml.v3 v3.0.0-20200313102051-9f266ea9e77c/go.mod h1:K4uyk7z7BCEPqu6E+C64Yfv1cQ7kz7rIZviUmN+EgEM=\ngopkg.in/yaml.v3 v3.0.1 h1:fxVm/GzAzEWqLHuvctI91KS9hhNmmWOoWu0XTYJS7CA=\ngopkg.in/yaml.v3 v3.0.1/go.mod h1:K4uyk7z7BCEPqu6E+C64Yfv1cQ7kz7rIZviUmN+EgEM=\nlukechampine.com/uint128 v1.2.0 h1:mBi/5l91vocEN8otkC5bDLhi2KdCticRiwbdB0O+rjI=\nlukechampine.com/uint128 v1.2.0/go.mod h1:c4eWIwlEGaxC/+H1VguhU4PHXNWDCDMUlWdIWl2j1gk=\nmodernc.org/cc/v3 v3.41.0 h1:QoR1Sn3YWlmA1T4vLaKZfawdVtSiGx8H+cEojbC7v1Q=\nmodernc.org/cc/v3 v3.41.0/go.mod h1:Ni4zjJYJ04CDOhG7dn640WGfwBzfE0ecX8TyMB0Fv0Y=\nmodernc.org/cc/v4 v4.29.2 h1:h6+9ciCnPKutf4I03CvheAvDLX7+IHlqR6Iy6J+cgd8=\nmodernc.org/cc/v4 v4.29.2/go.mod h1:OnovgIhbbMXMu1aISnJ0wvVD1KnW+cAUJkIrAWh+kVI=\nmodernc.org/ccgo/v3 v3.17.0 h1:o3OmOqx4/OFnl4Vm3G8Bgmqxnvxnh0nbxeT5p/dWChA=\nmodernc.org/ccgo/v3 v3.17.0/go.mod h1:Sg3fwVpmLvCUTaqEUjiBDAvshIaKDB0RXaf+zgqFu8I=\nmodernc.org/ccgo/v4 v4.35.0 h1:F+TUsmw09QxLzmi3aeYYGxjAXarmZaKgj3mKQHNaA8w=\nmodernc.org/ccgo/v4 v4.35.0/go.mod h1:qrVGs9S3Sr2Ztcg9ve+kTAYMp5a3YvWjo+SoN06kJ5I=\nmodernc.org/ccorpus v1.11.6 h1:J16RXiiqiCgua6+ZvQot4yUuUy8zxgqbqEEUuGPlISk=\nmodernc.org/ccorpus v1.11.6/go.mod h1:2gEUTrWqdpH2pXsmTM1ZkjeSrUWDpjMu2T6m29L/ErQ=\nmodernc.org/ccorpus2 v1.6.0 h1:JODbahvmixwZDoF1kZs/9Rj6aHA2vAPP7HKiNDq//xo=\nmodernc.org/ccorpus2 v1.6.0/go.mod h1:Wifvo4Q/qS/h1aRoC2TffcHsnxwTikmi1AuLANuucJQ=\nmodernc.org/ebnf v1.1.0 h1:ilLq2kO1xGezeg75RyKffLsCLdamQHEmjv0CVq1QEQU=\nmodernc.org/ebnf v1.1.0/go.mod h1:CNIo7vuji3SyjIP/VhEumIKlAguC1g64mcdk/+VJW/w=\nmodernc.org/ebnfutil v1.1.0 h1:8AZ7iHDSIV6lrlgtexrIgmsey6wuSnB8s642ASDaTkc=\nmodernc.org/ebnfutil v1.1.0/go.mod h1:hdAyhM1jZSq9ygKhEeYgerbagyuLxyxzXcakBPyNqUI=\nmodernc.org/fileutil v1.1.2/go.mod h1:HdjlliqRHrMAI4nVOvvpYVzVgvRSK7WnoCiG0GUWJNo=\nmodernc.org/fileutil v1.4.0 h1:j6ZzNTftVS054gi281TyLjHPp6CPHr2KCxEXjEbD6SM=\nmodernc.org/fileutil v1.4.0/go.mod h1:EqdKFDxiByqxLk8ozOxObDSfcVOv/54xDs/DUHdvCUU=\nmodernc.org/gc/v2 v2.6.5 h1:nyqdV8q46KvTpZlsw66kWqwXRHdjIlJOhG6kxiV/9xI=\nmodernc.org/gc/v2 v2.6.5/go.mod h1:YgIahr1ypgfe7chRuJi2gD7DBQiKSLMPgBQe9oIiito=\nmodernc.org/gc/v3 v3.1.5 h1:21ldfPfRYE31Tb7B3mwAK8gy1AxP4+dKjrOQPfqakoc=\nmodernc.org/gc/v3 v3.1.5/go.mod h1:HFK/6AGESC7Ex+EZJhJ2Gni6cTaYpSMmU/cT9RmlfYY=\nmodernc.org/goabi0 v0.2.0 h1:HvEowk7LxcPd0eq6mVOAEMai46V+i7Jrj13t4AzuNks=\nmodernc.org/goabi0 v0.2.0/go.mod h1:CEFRnnJhKvWT1c1JTI3Avm+tgOWbkOu5oPA8eH8LnMI=\nmodernc.org/httpfs v1.0.6 h1:AAgIpFZRXuYnkjftxTAZwMIiwEqAfk8aVB2/oA6nAeM=\nmodernc.org/httpfs v1.0.6/go.mod h1:7dosgurJGp0sPaRanU53W4xZYKh14wfzX420oZADeHM=\nmodernc.org/lex v1.1.1 h1:prSCNTLw1R4rn7M/RzwsuMtAuOytfyR3cnyM07P+Pas=\nmodernc.org/lex v1.1.1/go.mod h1:6r8o8DLJkAnOsQaGi8fMoi+Vt6LTbDaCrkUK729D8xM=\nmodernc.org/lexer v1.0.4 h1:hU7xVbZsqwPphyzChc7nMSGrsuaD2PDNOmzrzkS5AlE=\nmodernc.org/lexer v1.0.4/go.mod h1:tOajb8S4sdfOYitzCgXDFmbVJ/LE0v1fNJ7annTw36U=\nmodernc.org/libc v1.75.7 h1:o3DTP9/0p9pKmY2WCKQaySW6wIiZhNM7wc2lUoyhfew=\nmodernc.org/libc v1.75.7/go.mod h1:bO5o2ztHxBb2rjz0PgdHN0sSMw57CgxGFLZ3Qd/QpVQ=\nmodernc.org/mathutil v1.5.0/go.mod h1:mZW8CKdRPY1v87qxC/wUdX5O1qDzXMP5TH3wjfpga6E=\nmodernc.org/mathutil v1.7.1 h1:GCZVGXdaN8gTqB1Mf/usp1Y/hSqgI2vAGGP4jZMCxOU=\nmodernc.org/mathutil v1.7.1/go.mod h1:4p5IwJITfppl0G4sUEDtCr4DthTaT47/N3aT6MhfgJg=\nmodernc.org/memory v1.12.1 h1:nFMiWrpStgZczNl6XI9GnIk/rWhYIyHGUaR04pGbp9g=\nmodernc.org/memory v1.12.1/go.mod h1:/JP4VbVC+K5sU2wZi9bHoq2MAkCnrt2r98UGeSK7Mjw=\nmodernc.org/opt v0.2.0 h1:tGyef5ApycA7FSEOMraay9SaTk5zmbx7Tu+cJs4QKZg=\nmodernc.org/opt v0.2.0/go.mod h1:03fq9lsNfvkYSfxrfUhZCWPk1lm4cq4N+Bh//bEtgns=\nmodernc.org/scannertest v1.0.2 h1:JPtfxcVdbRvzmRf2YUvsDibJsQRw8vKA/3jb31y7cy0=\nmodernc.org/scannertest v1.0.2/go.mod h1:RzTm5RwglF/6shsKoEivo8N91nQIoWtcWI7ns+zPyGA=\nmodernc.org/sortutil v1.2.1 h1:+xyoGf15mM3NMlPDnFqrteY07klSFxLElE2PVuWIJ7w=\nmodernc.org/sortutil v1.2.1/go.mod h1:7ZI3a3REbai7gzCLcotuw9AC4VZVpYMjDzETGsSMqJE=\nmodernc.org/sqlite v1.59.0 h1:X1es1GpqBlS/5T+vbM4HLUdaa8OtQx468DF2vrx+38A=\nmodernc.org/sqlite v1.59.0/go.mod h1:+paeT2A3iPRHkQDwG7oA6Tk0zQd5woMEI8q7orfry8k=\nmodernc.org/strutil v1.2.1 h1:UneZBkQA+DX2Rp35KcM69cSsNES9ly8mQWD71HKlOA0=\nmodernc.org/strutil v1.2.1/go.mod h1:EHkiggD70koQxjVdSBM3JKM7k6L0FbGE5eymy9i3B9A=\nmodernc.org/token v1.1.0 h1:Xl7Ap9dKaEs5kLoOQeQmPWevfnk/DM5qcLcYlA8ys6Y=\nmodernc.org/token v1.1.0/go.mod h1:UGzOrNV1mAFSEB63lOFHIpNRUVMvYTc6yu1SMY/XTDM=\n",
    "integrity": "ca595e66c1952d126249cadf7632653586329994a6431e47b30c696efc0c3924"
  }
}
